// !$*UTF8*$!
{
	archiveVersion = 1;
	classes = {
	};
	objectVersion = 50;
	objects = {

/* Begin PBXBuildFile section */
		7438CF4520FE3B14003DFD70 /* AppDelegate.swift in Sources */ = {isa = PBXBuildFile; fileRef = 7438CF4420FE3B14003DFD70 /* AppDelegate.swift */; };
		7438CF4720FE3B14003DFD70 /* ViewController.swift in Sources */ = {isa = PBXBuildFile; fileRef = 7438CF4620FE3B14003DFD70 /* ViewController.swift */; };
		7438CF4A20FE3B14003DFD70 /* Main.storyboard in Resources */ = {isa = PBXBuildFile; fileRef = 7438CF4820FE3B14003DFD70 /* Main.storyboard */; };
		7438CF4C20FE3B16003DFD70 /* Assets.xcassets in Resources */ = {isa = PBXBuildFile; fileRef = 7438CF4B20FE3B16003DFD70 /* Assets.xcassets */; };
		7438CF4F20FE3B16003DFD70 /* LaunchScreen.storyboard in Resources */ = {isa = PBXBuildFile; fileRef = 7438CF4D20FE3B16003DFD70 /* LaunchScreen.storyboard */; };
		7438CF5720FE3C27003DFD70 /* TasksList.swift in Sources */ = {isa = PBXBuildFile; fileRef = 7438CF5620FE3C27003DFD70 /* TasksList.swift */; };
		7438CF5920FE438A003DFD70 /* DetailViewController.swift in Sources */ = {isa = PBXBuildFile; fileRef = 7438CF5820FE438A003DFD70 /* DetailViewController.swift */; };
		74B3364321006FEC000EB9FB /* AlertViewModel.swift in Sources */ = {isa = PBXBuildFile; fileRef = 74B3364221006FEC000EB9FB /* AlertViewModel.swift */; };
		74B3364521007163000EB9FB /* RepositoryRealm.swift in Sources */ = {isa = PBXBuildFile; fileRef = 74B3364421007163000EB9FB /* RepositoryRealm.swift */; };
		B9BCE9CA6DD4973841B59008 /* Pods_TasksList.framework in Frameworks */ = {isa = PBXBuildFile; fileRef = 2CB5BFCE73C750628F801D9D /* Pods_TasksList.framework */; };
/* End PBXBuildFile section */

/* Begin PBXFileReference section */
		2CB5BFCE73C750628F801D9D /* Pods_TasksList.framework */ = {isa = PBXFileReference; explicitFileType = wrapper.framework; includeInIndex = 0; path = Pods_TasksList.framework; sourceTree = BUILT_PRODUCTS_DIR; };
		7438CF4120FE3B14003DFD70 /* TasksList.app */ = {isa = PBXFileReference; explicitFileType = wrapper.application; includeInIndex = 0; path = TasksList.app; sourceTree = BUILT_PRODUCTS_DIR; };
		7438CF4420FE3B14003DFD70 /* AppDelegate.swift */ = {isa = PBXFileReference; lastKnownFileType = sourcecode.swift; path = AppDelegate.swift; sourceTree = "<group>"; };
		7438CF4620FE3B14003DFD70 /* ViewController.swift */ = {isa = PBXFileReference; lastKnownFileType = sourcecode.swift; path = ViewController.swift; sourceTree = "<group>"; };
		7438CF4920FE3B14003DFD70 /* Base */ = {isa = PBXFileReference; lastKnownFileType = file.storyboard; name = Base; path = Base.lproj/Main.storyboard; sourceTree = "<group>"; };
		7438CF4B20FE3B16003DFD70 /* Assets.xcassets */ = {isa = PBXFileReference; lastKnownFileType = folder.assetcatalog; path = Assets.xcassets; sourceTree = "<group>"; };
		7438CF4E20FE3B16003DFD70 /* Base */ = {isa = PBXFileReference; lastKnownFileType = file.storyboard; name = Base; path = Base.lproj/LaunchScreen.storyboard; sourceTree = "<group>"; };
		7438CF5020FE3B16003DFD70 /* Info.plist */ = {isa = PBXFileReference; lastKnownFileType = text.plist.xml; path = Info.plist; sourceTree = "<group>"; };
		7438CF5620FE3C27003DFD70 /* TasksList.swift */ = {isa = PBXFileReference; lastKnownFileType = sourcecode.swift; path = TasksList.swift; sourceTree = "<group>"; };
		7438CF5820FE438A003DFD70 /* DetailViewController.swift */ = {isa = PBXFileReference; lastKnownFileType = sourcecode.swift; path = DetailViewController.swift; sourceTree = "<group>"; };
		74B3364221006FEC000EB9FB /* AlertViewModel.swift */ = {isa = PBXFileReference; lastKnownFileType = sourcecode.swift; path = AlertViewModel.swift; sourceTree = "<group>"; };
		74B3364421007163000EB9FB /* RepositoryRealm.swift */ = {isa = PBXFileReference; lastKnownFileType = sourcecode.swift; path = RepositoryRealm.swift; sourceTree = "<group>"; };
		A2D3A875D90DAAD38413E8E9 /* Pods-TasksList.debug.xcconfig */ = {isa = PBXFileReference; includeInIndex = 1; lastKnownFileType = text.xcconfig; name = "Pods-TasksList.debug.xcconfig"; path = "Pods/Target Support Files/Pods-TasksList/Pods-TasksList.debug.xcconfig"; sourceTree = "<group>"; };
		F3BF56627ED949966E078F3C /* Pods-TasksList.release.xcconfig */ = {isa = PBXFileReference; includeInIndex = 1; lastKnownFileType = text.xcconfig; name = "Pods-TasksList.release.xcconfig"; path = "Pods/Target Support Files/Pods-TasksList/Pods-TasksList.release.xcconfig"; sourceTree = "<group>"; };
/* End PBXFileReference section */

/* Begin PBXFrameworksBuildPhase section */
		7438CF3E20FE3B14003DFD70 /* Frameworks */ = {
			isa = PBXFrameworksBuildPhase;
			buildActionMask = 2147483647;
			files = (
				B9BCE9CA6DD4973841B59008 /* Pods_TasksList.framework in Frameworks */,
			);
			runOnlyForDeploymentPostprocessing = 0;
		};
/* End PBXFrameworksBuildPhase section */

/* Begin PBXGroup section */
		2A90A1520419355F02CE1C76 /* Frameworks */ = {
			isa = PBXGroup;
			children = (
				2CB5BFCE73C750628F801D9D /* Pods_TasksList.framework */,
			);
			name = Frameworks;
			sourceTree = "<group>";
		};
		44E0C8175347F6F1265FA720 /* Pods */ = {
			isa = PBXGroup;
			children = (
				A2D3A875D90DAAD38413E8E9 /* Pods-TasksList.debug.xcconfig */,
				F3BF56627ED949966E078F3C /* Pods-TasksList.release.xcconfig */,
			);
			name = Pods;
			sourceTree = "<group>";
		};
		7438CF3820FE3B14003DFD70 = {
			isa = PBXGroup;
			children = (
				7438CF4320FE3B14003DFD70 /* TasksList */,
				7438CF4220FE3B14003DFD70 /* Products */,
				44E0C8175347F6F1265FA720 /* Pods */,
				2A90A1520419355F02CE1C76 /* Frameworks */,
			);
			sourceTree = "<group>";
		};
		7438CF4220FE3B14003DFD70 /* Products */ = {
			isa = PBXGroup;
			children = (
				7438CF4120FE3B14003DFD70 /* TasksList.app */,
			);
			name = Products;
			sourceTree = "<group>";
		};
		7438CF4320FE3B14003DFD70 /* TasksList */ = {
			isa = PBXGroup;
			children = (
				74E2E20920FF863D000AD082 /* Model */,
				74E2E20820FF8635000AD082 /* ViewModel */,
				74E2E20720FF862B000AD082 /* View */,
				74E2E20A20FF868A000AD082 /* other */,
				7438CF5020FE3B16003DFD70 /* Info.plist */,
			);
			path = TasksList;
			sourceTree = "<group>";
		};
		74E2E20720FF862B000AD082 /* View */ = {
			isa = PBXGroup;
			children = (
				7438CF4620FE3B14003DFD70 /* ViewController.swift */,
				7438CF5820FE438A003DFD70 /* DetailViewController.swift */,
				7438CF4820FE3B14003DFD70 /* Main.storyboard */,
			);
			path = View;
			sourceTree = "<group>";
		};
		74E2E20820FF8635000AD082 /* ViewModel */ = {
			isa = PBXGroup;
			children = (
				74B3364221006FEC000EB9FB /* AlertViewModel.swift */,
			);
			path = ViewModel;
			sourceTree = "<group>";
		};
		74E2E20920FF863D000AD082 /* Model */ = {
			isa = PBXGroup;
			children = (
				7438CF5620FE3C27003DFD70 /* TasksList.swift */,
				74B3364421007163000EB9FB /* RepositoryRealm.swift */,
			);
			path = Model;
			sourceTree = "<group>";
		};
		74E2E20A20FF868A000AD082 /* other */ = {
			isa = PBXGroup;
			children = (
				7438CF4420FE3B14003DFD70 /* AppDelegate.swift */,
				7438CF4B20FE3B16003DFD70 /* Assets.xcassets */,
				7438CF4D20FE3B16003DFD70 /* LaunchScreen.storyboard */,
			);
			path = other;
			sourceTree = "<group>";
		};
/* End PBXGroup section */

/* Begin PBXNativeTarget section */
		7438CF4020FE3B14003DFD70 /* TasksList */ = {
			isa = PBXNativeTarget;
			buildConfigurationList = 7438CF5320FE3B16003DFD70 /* Build configuration list for PBXNativeTarget "TasksList" */;
			buildPhases = (
				E1D674B0F296992C73582D8A /* [CP] Check Pods Manifest.lock */,
				7438CF3D20FE3B14003DFD70 /* Sources */,
				7438CF3E20FE3B14003DFD70 /* Frameworks */,
				7438CF3F20FE3B14003DFD70 /* Resources */,
				076EEF29E50D77D20F3806B4 /* [CP] Embed Pods Frameworks */,
			);
			buildRules = (
			);
			dependencies = (
			);
			name = TasksList;
			productName = TasksList;
			productReference = 7438CF4120FE3B14003DFD70 /* TasksList.app */;
			productType = "com.apple.product-type.application";
		};
/* End PBXNativeTarget section */

/* Begin PBXProject section */
		7438CF3920FE3B14003DFD70 /* Project object */ = {
			isa = PBXProject;
			attributes = {
				LastSwiftUpdateCheck = 0940;
				LastUpgradeCheck = 0940;
				ORGANIZATIONNAME = "Nazar Kostiv";
				TargetAttributes = {
					7438CF4020FE3B14003DFD70 = {
						CreatedOnToolsVersion = 9.4.1;
					};
				};
			};
			buildConfigurationList = 7438CF3C20FE3B14003DFD70 /* Build configuration list for PBXProject "TasksList" */;
			compatibilityVersion = "Xcode 9.3";
			developmentRegion = en;
			hasScannedForEncodings = 0;
			knownRegions = (
				en,
				Base,
			);
			mainGroup = 7438CF3820FE3B14003DFD70;
			productRefGroup = 7438CF4220FE3B14003DFD70 /* Products */;
			projectDirPath = "";
			projectRoot = "";
			targets = (
				7438CF4020FE3B14003DFD70 /* TasksList */,
			);
		};
/* End PBXProject section */

/* Begin PBXResourcesBuildPhase section */
		7438CF3F20FE3B14003DFD70 /* Resources */ = {
			isa = PBXResourcesBuildPhase;
			buildActionMask = 2147483647;
			files = (
				7438CF4F20FE3B16003DFD70 /* LaunchScreen.storyboard in Resources */,
				7438CF4C20FE3B16003DFD70 /* Assets.xcassets in Resources */,
				7438CF4A20FE3B14003DFD70 /* Main.storyboard in Resources */,
			);
			runOnlyForDeploymentPostprocessing = 0;
		};
/* End PBXResourcesBuildPhase section */

/* Begin PBXShellScriptBuildPhase section */
		076EEF29E50D77D20F3806B4 /* [CP] Embed Pods Frameworks */ = {
			isa = PBXShellScriptBuildPhase;
			buildActionMask = 2147483647;
			files = (
			);
			inputPaths = (
				"${SRCROOT}/Pods/Target Support Files/Pods-TasksList/Pods-TasksList-frameworks.sh",
				"${BUILT_PRODUCTS_DIR}/Realm/Realm.framework",
				"${BUILT_PRODUCTS_DIR}/RealmSwift/RealmSwift.framework",
			);
			name = "[CP] Embed Pods Frameworks";
			outputPaths = (
				"${TARGET_BUILD_DIR}/${FRAMEWORKS_FOLDER_PATH}/Realm.framework",
				"${TARGET_BUILD_DIR}/${FRAMEWORKS_FOLDER_PATH}/RealmSwift.framework",
			);
			runOnlyForDeploymentPostprocessing = 0;
			shellPath = /bin/sh;
			shellScript = "\"${SRCROOT}/Pods/Target Support Files/Pods-TasksList/Pods-TasksList-frameworks.sh\"\n";
			showEnvVarsInLog = 0;
		};
		E1D674B0F296992C73582D8A /* [CP] Check Pods Manifest.lock */ = {
			isa = PBXShellScriptBuildPhase;
			buildActionMask = 2147483647;
			files = (
			);
			inputPaths = (
				"${PODS_PODFILE_DIR_PATH}/Podfile.lock",
				"${PODS_ROOT}/Manifest.lock",
			);
			name = "[CP] Check Pods Manifest.lock";
			outputPaths = (
				"$(DERIVED_FILE_DIR)/Pods-TasksList-checkManifestLockResult.txt",
			);
			runOnlyForDeploymentPostprocessing = 0;
			shellPath = /bin/sh;
			shellScript = "diff \"${PODS_PODFILE_DIR_PATH}/Podfile.lock\" \"${PODS_ROOT}/Manifest.lock\" > /dev/null\nif [ $? != 0 ] ; then\n    # print error to STDERR\n    echo \"error: The sandbox is not in sync with the Podfile.lock. Run 'pod install' or update your CocoaPods installation.\" >&2\n    exit 1\nfi\n# This output is used by Xcode 'outputs' to avoid re-running this script phase.\necho \"SUCCESS\" > \"${SCRIPT_OUTPUT_FILE_0}\"\n";
			showEnvVarsInLog = 0;
		};
/* End PBXShellScriptBuildPhase section */

/* Begin PBXSourcesBuildPhase section */
		7438CF3D20FE3B14003DFD70 /* Sources */ = {
			isa = PBXSourcesBuildPhase;
			buildActionMask = 2147483647;
			files = (
				7438CF5720FE3C27003DFD70 /* TasksList.swift in Sources */,
				74B3364521007163000EB9FB /* RepositoryRealm.swift in Sources */,
				74B3364321006FEC000EB9FB /* AlertViewModel.swift in Sources */,
				7438CF4720FE3B14003DFD70 /* ViewController.swift in Sources */,
				7438CF4520FE3B14003DFD70 /* AppDelegate.swift in Sources */,
				7438CF5920FE438A003DFD70 /* DetailViewController.swift in Sources */,
			);
			runOnlyForDeploymentPostprocessing = 0;
		};
/* End PBXSourcesBuildPhase section */

/* Begin PBXVariantGroup section */
		7438CF4820FE3B14003DFD70 /* Main.storyboard */ = {
			isa = PBXVariantGroup;
			children = (
				7438CF4920FE3B14003DFD70 /* Base */,
			);
			name = Main.storyboard;
			sourceTree = "<group>";
		};
		7438CF4D20FE3B16003DFD70 /* LaunchScreen.storyboard */ = {
			isa = PBXVariantGroup;
			children = (
				7438CF4E20FE3B16003DFD70 /* Base */,
			);
			name = LaunchScreen.storyboard;
			sourceTree = "<group>";
		};
/* End PBXVariantGroup section */

/* Begin XCBuildConfiguration section */
		7438CF5120FE3B16003DFD70 /* Debug */ = {
			isa = XCBuildConfiguration;
			buildSettings = {
				ALWAYS_SEARCH_USER_PATHS = NO;
				CLANG_ANALYZER_NONNULL = YES;
				CLANG_ANALYZER_NUMBER_OBJECT_CONVERSION = YES_AGGRESSIVE;
				CLANG_CXX_LANGUAGE_STANDARD = "gnu++14";
				CLANG_CXX_LIBRARY = "libc++";
				CLANG_ENABLE_MODULES = YES;
				CLANG_ENABLE_OBJC_ARC = YES;
				CLANG_ENABLE_OBJC_WEAK = YES;
				CLANG_WARN_BLOCK_CAPTURE_AUTORELEASING = YES;
				CLANG_WARN_BOOL_CONVERSION = YES;
				CLANG_WARN_COMMA = YES;
				CLANG_WARN_CONSTANT_CONVERSION = YES;
				CLANG_WARN_DEPRECATED_OBJC_IMPLEMENTATIONS = YES;
				CLANG_WARN_DIRECT_OBJC_ISA_USAGE = YES_ERROR;
				CLANG_WARN_DOCUMENTATION_COMMENTS = YES;
				CLANG_WARN_EMPTY_BODY = YES;
				CLANG_WARN_ENUM_CONVERSION = YES;
				CLANG_WARN_INFINITE_RECURSION = YES;
				CLANG_WARN_INT_CONVERSION = YES;
				CLANG_WARN_NON_LITERAL_NULL_CONVERSION = YES;
				CLANG_WARN_OBJC_IMPLICIT_RETAIN_SELF = YES;
				CLANG_WARN_OBJC_LITERAL_CONVERSION = YES;
				CLANG_WARN_OBJC_ROOT_CLASS = YES_ERROR;
				CLANG_WARN_RANGE_LOOP_ANALYSIS = YES;
				CLANG_WARN_STRICT_PROTOTYPES = YES;
				CLANG_WARN_SUSPICIOUS_MOVE = YES;
				CLANG_WARN_UNGUARDED_AVAILABILITY = YES_AGGRESSIVE;
				CLANG_WARN_UNREACHABLE_CODE = YES;
				CLANG_WARN__DUPLICATE_METHOD_MATCH = YES;
				CODE_SIGN_IDENTITY = "iPhone Developer";
				COPY_PHASE_STRIP = NO;
				DEBUG_INFORMATION_FORMAT = dwarf;
				ENABLE_STRICT_OBJC_MSGSEND = YES;
				ENABLE_TESTABILITY = YES;
				GCC_C_LANGUAGE_STANDARD = gnu11;
				GCC_DYNAMIC_NO_PIC = NO;
				GCC_NO_COMMON_BLOCKS = YES;
				GCC_OPTIMIZATION_LEVEL = 0;
				GCC_PREPROCESSOR_DEFINITIONS = (
					"DEBUG=1",
					"$(inherited)",
				);
				GCC_WARN_64_TO_32_BIT_CONVERSION = YES;
				GCC_WARN_ABOUT_RETURN_TYPE = YES_ERROR;
				GCC_WARN_UNDECLARED_SELECTOR = YES;
				GCC_WARN_UNINITIALIZED_AUTOS = YES_AGGRESSIVE;
				GCC_WARN_UNUSED_FUNCTION = YES;
				GCC_WARN_UNUSED_VARIABLE = YES;
				IPHONEOS_DEPLOYMENT_TARGET = 11.4;
				MTL_ENABLE_DEBUG_INFO = YES;
				ONLY_ACTIVE_ARCH = YES;
				SDKROOT = iphoneos;
				SWIFT_ACTIVE_COMPILATION_CONDITIONS = DEBUG;
				SWIFT_OPTIMIZATION_LEVEL = "-Onone";
			};
			name = Debug;
		};
		7438CF5220FE3B16003DFD70 /* Release */ = {
			isa = XCBuildConfiguration;
			buildSettings = {
				ALWAYS_SEARCH_USER_PATHS = NO;
				CLANG_ANALYZER_NONNULL = YES;
				CLANG_ANALYZER_NUMBER_OBJECT_CONVERSION = YES_AGGRESSIVE;
				CLANG_CXX_LANGUAGE_STANDARD = "gnu++14";
				CLANG_CXX_LIBRARY = "libc++";
				CLANG_ENABLE_MODULES = YES;
				CLANG_ENABLE_OBJC_ARC = YES;
				CLANG_ENABLE_OBJC_WEAK = YES;
				CLANG_WARN_BLOCK_CAPTURE_AUTORELEASING = YES;
				CLANG_WARN_BOOL_CONVERSION = YES;
				CLANG_WARN_COMMA = YES;
				CLANG_WARN_CONSTANT_CONVERSION = YES;
				CLANG_WARN_DEPRECATED_OBJC_IMPLEMENTATIONS = YES;
				CLANG_WARN_DIRECT_OBJC_ISA_USAGE = YES_ERROR;
				CLANG_WARN_DOCUMENTATION_COMMENTS = YES;
				CLANG_WARN_EMPTY_BODY = YES;
				CLANG_WARN_ENUM_CONVERSION = YES;
				CLANG_WARN_INFINITE_RECURSION = YES;
				CLANG_WARN_INT_CONVERSION = YES;
				CLANG_WARN_NON_LITERAL_NULL_CONVERSION = YES;
				CLANG_WARN_OBJC_IMPLICIT_RETAIN_SELF = YES;
				CLANG_WARN_OBJC_LITERAL_CONVERSION = YES;
				CLANG_WARN_OBJC_ROOT_CLASS = YES_ERROR;
				CLANG_WARN_RANGE_LOOP_ANALYSIS = YES;
				CLANG_WARN_STRICT_PROTOTYPES = YES;
				CLANG_WARN_SUSPICIOUS_MOVE = YES;
				CLANG_WARN_UNGUARDED_AVAILABILITY = YES_AGGRESSIVE;
				CLANG_WARN_UNREACHABLE_CODE = YES;
				CLANG_WARN__DUPLICATE_METHOD_MATCH = YES;
				CODE_SIGN_IDENTITY = "iPhone Developer";
				COPY_PHASE_STRIP = NO;
				DEBUG_INFORMATION_FORMAT = "dwarf-with-dsym";
				ENABLE_NS_ASSERTIONS = NO;
				ENABLE_STRICT_OBJC_MSGSEND = YES;
				GCC_C_LANGUAGE_STANDARD = gnu11;
				GCC_NO_COMMON_BLOCKS = YES;
				GCC_WARN_64_TO_32_BIT_CONVERSION = YES;
				GCC_WARN_ABOUT_RETURN_TYPE = YES_ERROR;
				GCC_WARN_UNDECLARED_SELECTOR = YES;
				GCC_WARN_UNINITIALIZED_AUTOS = YES_AGGRESSIVE;
				GCC_WARN_UNUSED_FUNCTION = YES;
				GCC_WARN_UNUSED_VARIABLE = YES;
				IPHONEOS_DEPLOYMENT_TARGET = 11.4;
				MTL_ENABLE_DEBUG_INFO = NO;
				SDKROOT = iphoneos;
				SWIFT_COMPILATION_MODE = wholemodule;
				SWIFT_OPTIMIZATION_LEVEL = "-O";
				VALIDATE_PRODUCT = YES;
			};
			name = Release;
		};
		7438CF5420FE3B16003DFD70 /* Debug */ = {
			isa = XCBuildConfiguration;
			baseConfigurationReference = A2D3A875D90DAAD38413E8E9 /* Pods-TasksList.debug.xcconfig */;
			buildSettings = {
				ASSETCATALOG_COMPILER_APPICON_NAME = AppIcon;
				CODE_SIGN_STYLE = Automatic;
				INFOPLIST_FILE = TasksList/Info.plist;
				LD_RUNPATH_SEARCH_PATHS = (
					"$(inherited)",
					"@executable_path/Frameworks",
				);
				PRODUCT_BUNDLE_IDENTIFIER = softserve.TasksList;
				PRODUCT_NAME = "$(TARGET_NAME)";
				SWIFT_VERSION = 4.0;
				TARGETED_DEVICE_FAMILY = "1,2";
			};
			name = Debug;
		};
		7438CF5520FE3B16003DFD70 /* Release */ = {
			isa = XCBuildConfiguration;
			baseConfigurationReference = F3BF56627ED949966E078F3C /* Pods-TasksList.release.xcconfig */;
			buildSettings = {
				ASSETCATALOG_COMPILER_APPICON_NAME = AppIcon;
				CODE_SIGN_STYLE = Automatic;
				INFOPLIST_FILE = TasksList/Info.plist;
				LD_RUNPATH_SEARCH_PATHS = (
					"$(inherited)",
					"@executable_path/Frameworks",
				);
				PRODUCT_BUNDLE_IDENTIFIER = softserve.TasksList;
				PRODUCT_NAME = "$(TARGET_NAME)";
				SWIFT_VERSION = 4.0;
				TARGETED_DEVICE_FAMILY = "1,2";
			};
			name = Release;
		};
/* End XCBuildConfiguration section */

/* Begin XCConfigurationList section */
		7438CF3C20FE3B14003DFD70 /* Build configuration list for PBXProject "TasksList" */ = {
			isa = XCConfigurationList;
			buildConfigurations = (
				7438CF5120FE3B16003DFD70 /* Debug */,
				7438CF5220FE3B16003DFD70 /* Release */,
			);
			defaultConfigurationIsVisible = 0;
			defaultConfigurationName = Release;
		};
		7438CF5320FE3B16003DFD70 /* Build configuration list for PBXNativeTarget "TasksList" */ = {
			isa = XCConfigurationList;
			buildConfigurations = (
				7438CF5420FE3B16003DFD70 /* Debug */,
				7438CF5520FE3B16003DFD70 /* Release */,
			);
			defaultConfigurationIsVisible = 0;
			defaultConfigurationName = Release;
		};
/* End XCConfigurationList section */
	};
	rootObject = 7438CF3920FE3B14003DFD70 /* Project object */;
}
